
Microsoft Visual Studio Solution File, Format Version 12.00
# Visual Studio Version 17
VisualStudioVersion = 17.8.34330.188
MinimumVisualStudioVersion = 10.0.40219.1
Project("{FAE04EC0-301F-11D3-BF4B-00C04F79EFBC}") = "Apresentacao", "Apresentacao\Apresentacao.csproj", "{43D5497D-3DF5-4737-9FE6-7D1CAE5C75CD}"
EndProject
Project("{FAE04EC0-301F-11D3-BF4B-00C04F79EFBC}") = "AcessoDados", "AcessoDados\AcessoDados.csproj", "{2F9099BE-FE67-4668-9CB5-99E67393E56F}"
EndProject
Project("{FAE04EC0-301F-11D3-BF4B-00C04F79EFBC}") = "ObjetoTransferencia", "ObjetoTransferencia\ObjetoTransferencia.csproj", "{44C4E36D-09D6-463D-8385-665C35B7718F}"
EndProject
Project("{FAE04EC0-301F-11D3-BF4B-00C04F79EFBC}") = "Negocios", "Negocios\Negocios.csproj", "{EDD52C47-BCB8-4AB1-8069-8D12FED84B62}"
EndProject
Global
	GlobalSection(SolutionConfigurationPlatforms) = preSolution
		Debug|Any CPU = Debug|Any CPU
		Release|Any CPU = Release|Any CPU
	EndGlobalSection
	GlobalSection(ProjectConfigurationPlatforms) = postSolution
		{43D5497D-3DF5-4737-9FE6-7D1CAE5C75CD}.Debug|Any CPU.ActiveCfg = Debug|Any CPU
		{43D5497D-3DF5-4737-9FE6-7D1CAE5C75CD}.Debug|Any CPU.Build.0 = Debug|Any CPU
		{43D5497D-3DF5-4737-9FE6-7D1CAE5C75CD}.Release|Any CPU.ActiveCfg = Release|Any CPU
		{43D5497D-3DF5-4737-9FE6-7D1CAE5C75CD}.Release|Any CPU.Build.0 = Release|Any CPU
		{2F9099BE-FE67-4668-9CB5-99E67393E56F}.Debug|Any CPU.ActiveCfg = Debug|Any CPU
		{2F9099BE-FE67-4668-9CB5-99E67393E56F}.Debug|Any CPU.Build.0 = Debug|Any CPU
		{2F9099BE-FE67-4668-9CB5-99E67393E56F}.Release|Any CPU.ActiveCfg = Release|Any CPU
		{2F9099BE-FE67-4668-9CB5-99E67393E56F}.Release|Any CPU.Build.0 = Release|Any CPU
		{44C4E36D-09D6-463D-8385-665C35B7718F}.Debug|Any CPU.ActiveCfg = Debug|Any CPU
		{44C4E36D-09D6-463D-8385-665C35B7718F}.Debug|Any CPU.Build.0 = Debug|Any CPU
		{44C4E36D-09D6-463D-8385-665C35B7718F}.Release|Any CPU.ActiveCfg = Release|Any CPU
		{44C4E36D-09D6-463D-8385-665C35B7718F}.Release|Any CPU.Build.0 = Release|Any CPU
		{EDD52C47-BCB8-4AB1-8069-8D12FED84B62}.Debug|Any CPU.ActiveCfg = Debug|Any CPU
		{EDD52C47-BCB8-4AB1-8069-8D12FED84B62}.Debug|Any CPU.Build.0 = Debug|Any CPU
		{EDD52C47-BCB8-4AB1-8069-8D12FED84B62}.Release|Any CPU.ActiveCfg = Release|Any CPU
		{EDD52C47-BCB8-4AB1-8069-8D12FED84B62}.Release|Any CPU.Build.0 = Release|Any CPU
	EndGlobalSection
	GlobalSection(SolutionProperties) = preSolution
		HideSolutionNode = FALSE
	EndGlobalSection
	GlobalSection(ExtensibilityGlobals) = postSolution
		SolutionGuid = {ACD8CE3C-61D7-4B63-A232-F118DC2B622A}
	EndGlobalSection
EndGlobal
